
Microsoft Visual Studio Solution File, Format Version 12.00
# Visual Studio Version 16
VisualStudioVersion = 16.0.31112.23
MinimumVisualStudioVersion = 10.0.40219.1
Project("{FAE04EC0-301F-11D3-BF4B-00C04F79EFBC}") = "Battleship", "Battleship\Battleship.csproj", "{C8F098E0-5897-4566-A254-C8A6F33989B6}"
EndProject
Global
	GlobalSection(SolutionConfigurationPlatforms) = preSolution
		Debug|Any CPU = Debug|Any CPU
		Release|Any CPU = Release|Any CPU
	EndGlobalSection
	GlobalSection(ProjectConfigurationPlatforms) = postSolution
		{C8F098E0-5897-4566-A254-C8A6F33989B6}.Debug|Any CPU.ActiveCfg = Debug|Any CPU
		{C8F098E0-5897-4566-A254-C8A6F33989B6}.Debug|Any CPU.Build.0 = Debug|Any CPU
		{C8F098E0-5897-4566-A254-C8A6F33989B6}.Release|Any CPU.ActiveCfg = Release|Any CPU
		{C8F098E0-5897-4566-A254-C8A6F33989B6}.Release|Any CPU.Build.0 = Release|Any CPU
	EndGlobalSection
	GlobalSection(SolutionProperties) = preSolution
		HideSolutionNode = FALSE
	EndGlobalSection
	GlobalSection(ExtensibilityGlobals) = postSolution
		SolutionGuid = {A099A31E-DE48-4225-9455-54FA7BE423BB}
	EndGlobalSection
EndGlobal
